
Microsoft Visual Studio Solution File, Format Version 12.00
# Visual Studio Version 17
VisualStudioVersion = 17.0.31903.59
MinimumVisualStudioVersion = 10.0.40219.1
Project("{FAE04EC0-301F-11D3-BF4B-00C04F79EFBC}") = "FPS.Core", "FPS.Core\FPS.Core.csproj", "{8C5B63D6-6A61-403E-BDE5-78B3174A0A85}"
EndProject
Project("{FAE04EC0-301F-11D3-BF4B-00C04F79EFBC}") = "FPS.HealthChecks", "FPS.HealthChecks\FPS.HealthChecks.csproj", "{BAC76D59-74C3-4615-A1EB-2B484CFD0F2E}"
EndProject
Project("{FAE04EC0-301F-11D3-BF4B-00C04F79EFBC}") = "FPS.Identity", "FPS.Identity\FPS.Identity.csproj", "{76CC099E-F21C-4123-BC3D-4DEE1296FB87}"
EndProject
Project("{FAE04EC0-301F-11D3-BF4B-00C04F79EFBC}") = "FPS.Audit", "FPS.Audit\FPS.Audit.csproj", "{90E0977A-152A-41C6-AA2A-4A68CDB398CB}"
EndProject
Project("{FAE04EC0-301F-11D3-BF4B-00C04F79EFBC}") = "FPS.Billing", "FPS.Billing\FPS.Billing.csproj", "{F9E943C3-9F77-4634-9636-A27307C04ACD}"
EndProject
Project("{FAE04EC0-301F-11D3-BF4B-00C04F79EFBC}") = "FPS.Booking", "FPS.Booking\FPS.Booking.csproj", "{DC941389-AF0A-4224-8C84-C2141A7DFD19}"
EndProject
Project("{FAE04EC0-301F-11D3-BF4B-00C04F79EFBC}") = "FPS.Configuration", "FPS.Configuration\FPS.Configuration.csproj", "{1A90050B-A26B-472A-A9BC-E62678CC1972}"
EndProject
Project("{FAE04EC0-301F-11D3-BF4B-00C04F79EFBC}") = "FPS.Customer", "FPS.Customer\FPS.Customer.csproj", "{B92D66BA-839E-47AF-949E-303C219F2EA4}"
EndProject
Project("{FAE04EC0-301F-11D3-BF4B-00C04F79EFBC}") = "FPS.Feedback", "FPS.Feedback\FPS.Feedback.csproj", "{24524EC7-589D-4C45-A1A8-3A808CF85683}"
EndProject
Project("{FAE04EC0-301F-11D3-BF4B-00C04F79EFBC}") = "FPS.Notification", "FPS.Notification\FPS.Notification.csproj", "{06492BC2-72AC-4679-A72C-77E8E448671E}"
EndProject
Project("{FAE04EC0-301F-11D3-BF4B-00C04F79EFBC}") = "FPS.Profile", "FPS.Profile\FPS.Profile.csproj", "{09BEEF73-8C50-4432-9F52-AB310BB00C93}"
EndProject
Project("{FAE04EC0-301F-11D3-BF4B-00C04F79EFBC}") = "FPS.Reporting", "FPS.Reporting\FPS.Reporting.csproj", "{8070B8B8-2538-4589-B3AE-59E95F3137C3}"
EndProject
Global
	GlobalSection(SolutionConfigurationPlatforms) = preSolution
		Debug|Any CPU = Debug|Any CPU
		Release|Any CPU = Release|Any CPU
	EndGlobalSection
	GlobalSection(SolutionProperties) = preSolution
		HideSolutionNode = FALSE
	EndGlobalSection
	GlobalSection(ProjectConfigurationPlatforms) = postSolution
		{8C5B63D6-6A61-403E-BDE5-78B3174A0A85}.Debug|Any CPU.ActiveCfg = Debug|Any CPU
		{8C5B63D6-6A61-403E-BDE5-78B3174A0A85}.Debug|Any CPU.Build.0 = Debug|Any CPU
		{8C5B63D6-6A61-403E-BDE5-78B3174A0A85}.Release|Any CPU.ActiveCfg = Release|Any CPU
		{8C5B63D6-6A61-403E-BDE5-78B3174A0A85}.Release|Any CPU.Build.0 = Release|Any CPU
		{BAC76D59-74C3-4615-A1EB-2B484CFD0F2E}.Debug|Any CPU.ActiveCfg = Debug|Any CPU
		{BAC76D59-74C3-4615-A1EB-2B484CFD0F2E}.Debug|Any CPU.Build.0 = Debug|Any CPU
		{BAC76D59-74C3-4615-A1EB-2B484CFD0F2E}.Release|Any CPU.ActiveCfg = Release|Any CPU
		{BAC76D59-74C3-4615-A1EB-2B484CFD0F2E}.Release|Any CPU.Build.0 = Release|Any CPU
		{76CC099E-F21C-4123-BC3D-4DEE1296FB87}.Debug|Any CPU.ActiveCfg = Debug|Any CPU
		{76CC099E-F21C-4123-BC3D-4DEE1296FB87}.Debug|Any CPU.Build.0 = Debug|Any CPU
		{76CC099E-F21C-4123-BC3D-4DEE1296FB87}.Release|Any CPU.ActiveCfg = Release|Any CPU
		{76CC099E-F21C-4123-BC3D-4DEE1296FB87}.Release|Any CPU.Build.0 = Release|Any CPU
		{90E0977A-152A-41C6-AA2A-4A68CDB398CB}.Debug|Any CPU.ActiveCfg = Debug|Any CPU
		{90E0977A-152A-41C6-AA2A-4A68CDB398CB}.Debug|Any CPU.Build.0 = Debug|Any CPU
		{90E0977A-152A-41C6-AA2A-4A68CDB398CB}.Release|Any CPU.ActiveCfg = Release|Any CPU
		{90E0977A-152A-41C6-AA2A-4A68CDB398CB}.Release|Any CPU.Build.0 = Release|Any CPU
		{F9E943C3-9F77-4634-9636-A27307C04ACD}.Debug|Any CPU.ActiveCfg = Debug|Any CPU
		{F9E943C3-9F77-4634-9636-A27307C04ACD}.Debug|Any CPU.Build.0 = Debug|Any CPU
		{F9E943C3-9F77-4634-9636-A27307C04ACD}.Release|Any CPU.ActiveCfg = Release|Any CPU
		{F9E943C3-9F77-4634-9636-A27307C04ACD}.Release|Any CPU.Build.0 = Release|Any CPU
		{DC941389-AF0A-4224-8C84-C2141A7DFD19}.Debug|Any CPU.ActiveCfg = Debug|Any CPU
		{DC941389-AF0A-4224-8C84-C2141A7DFD19}.Debug|Any CPU.Build.0 = Debug|Any CPU
		{DC941389-AF0A-4224-8C84-C2141A7DFD19}.Release|Any CPU.ActiveCfg = Release|Any CPU
		{DC941389-AF0A-4224-8C84-C2141A7DFD19}.Release|Any CPU.Build.0 = Release|Any CPU
		{1A90050B-A26B-472A-A9BC-E62678CC1972}.Debug|Any CPU.ActiveCfg = Debug|Any CPU
		{1A90050B-A26B-472A-A9BC-E62678CC1972}.Debug|Any CPU.Build.0 = Debug|Any CPU
		{1A90050B-A26B-472A-A9BC-E62678CC1972}.Release|Any CPU.ActiveCfg = Release|Any CPU
		{1A90050B-A26B-472A-A9BC-E62678CC1972}.Release|Any CPU.Build.0 = Release|Any CPU
		{B92D66BA-839E-47AF-949E-303C219F2EA4}.Debug|Any CPU.ActiveCfg = Debug|Any CPU
		{B92D66BA-839E-47AF-949E-303C219F2EA4}.Debug|Any CPU.Build.0 = Debug|Any CPU
		{B92D66BA-839E-47AF-949E-303C219F2EA4}.Release|Any CPU.ActiveCfg = Release|Any CPU
		{B92D66BA-839E-47AF-949E-303C219F2EA4}.Release|Any CPU.Build.0 = Release|Any CPU
		{24524EC7-589D-4C45-A1A8-3A808CF85683}.Debug|Any CPU.ActiveCfg = Debug|Any CPU
		{24524EC7-589D-4C45-A1A8-3A808CF85683}.Debug|Any CPU.Build.0 = Debug|Any CPU
		{24524EC7-589D-4C45-A1A8-3A808CF85683}.Release|Any CPU.ActiveCfg = Release|Any CPU
		{24524EC7-589D-4C45-A1A8-3A808CF85683}.Release|Any CPU.Build.0 = Release|Any CPU
		{06492BC2-72AC-4679-A72C-77E8E448671E}.Debug|Any CPU.ActiveCfg = Debug|Any CPU
		{06492BC2-72AC-4679-A72C-77E8E448671E}.Debug|Any CPU.Build.0 = Debug|Any CPU
		{06492BC2-72AC-4679-A72C-77E8E448671E}.Release|Any CPU.ActiveCfg = Release|Any CPU
		{06492BC2-72AC-4679-A72C-77E8E448671E}.Release|Any CPU.Build.0 = Release|Any CPU
		{09BEEF73-8C50-4432-9F52-AB310BB00C93}.Debug|Any CPU.ActiveCfg = Debug|Any CPU
		{09BEEF73-8C50-4432-9F52-AB310BB00C93}.Debug|Any CPU.Build.0 = Debug|Any CPU
		{09BEEF73-8C50-4432-9F52-AB310BB00C93}.Release|Any CPU.ActiveCfg = Release|Any CPU
		{09BEEF73-8C50-4432-9F52-AB310BB00C93}.Release|Any CPU.Build.0 = Release|Any CPU
		{8070B8B8-2538-4589-B3AE-59E95F3137C3}.Debug|Any CPU.ActiveCfg = Debug|Any CPU
		{8070B8B8-2538-4589-B3AE-59E95F3137C3}.Debug|Any CPU.Build.0 = Debug|Any CPU
		{8070B8B8-2538-4589-B3AE-59E95F3137C3}.Release|Any CPU.ActiveCfg = Release|Any CPU
		{8070B8B8-2538-4589-B3AE-59E95F3137C3}.Release|Any CPU.Build.0 = Release|Any CPU
	EndGlobalSection
EndGlobal
