
Microsoft Visual Studio Solution File, Format Version 12.00
# Visual Studio Version 17
VisualStudioVersion = 17.0.31903.59
MinimumVisualStudioVersion = 10.0.40219.1
Project("{FAE04EC0-301F-11D3-BF4B-00C04F79EFBC}") = "FPS.SharedKernel", "Shared\FPS.SharedKernel\FPS.SharedKernel.csproj", "{A1B2C3D4-0001-0000-0000-000000000001}"
EndProject
Project("{FAE04EC0-301F-11D3-BF4B-00C04F79EFBC}") = "FPS.Booking.Domain", "Booking\FPS.Booking.Domain\FPS.Booking.Domain.csproj", "{A1B2C3D4-0002-0000-0000-000000000002}"
EndProject
Project("{FAE04EC0-301F-11D3-BF4B-00C04F79EFBC}") = "FPS.Booking.Application", "Booking\FPS.Booking.Application\FPS.Booking.Application.csproj", "{A1B2C3D4-0003-0000-0000-000000000003}"
EndProject
Project("{FAE04EC0-301F-11D3-BF4B-00C04F79EFBC}") = "FPS.Booking.Infrastructure", "Booking\FPS.Booking.Infrastructure\FPS.Booking.Infrastructure.csproj", "{A1B2C3D4-0004-0000-0000-000000000004}"
EndProject
Project("{FAE04EC0-301F-11D3-BF4B-00C04F79EFBC}") = "FPS.Booking.API", "Booking\FPS.Booking.API\FPS.Booking.API.csproj", "{A1B2C3D4-0005-0000-0000-000000000005}"
EndProject
Project("{FAE04EC0-301F-11D3-BF4B-00C04F79EFBC}") = "FPS.Booking.Domain.Tests", "Booking\FPS.Booking.Domain.Tests\FPS.Booking.Domain.Tests.csproj", "{A1B2C3D4-0006-0000-0000-000000000006}"
EndProject
Project("{FAE04EC0-301F-11D3-BF4B-00C04F79EFBC}") = "FPS.Booking.API.Tests", "Booking\FPS.Booking.API.Tests\FPS.Booking.API.Tests.csproj", "{A1B2C3D4-0007-0000-0000-000000000007}"
EndProject
Project("{FAE04EC0-301F-11D3-BF4B-00C04F79EFBC}") = "FPS.Booking.Infrastructure.Tests", "Booking\FPS.Booking.Infrastructure.Tests\FPS.Booking.Infrastructure.Tests.csproj", "{A1B2C3D4-0008-0000-0000-000000000008}"
EndProject
Project("{FAE04EC0-301F-11D3-BF4B-00C04F79EFBC}") = "FPS.Booking.IntegrationTests", "Booking\FPS.Booking.IntegrationTests\FPS.Booking.IntegrationTests.csproj", "{A1B2C3D4-0009-0000-0000-000000000009}"
EndProject
Project("{FAE04EC0-301F-11D3-BF4B-00C04F79EFBC}") = "FPS.Identity", "FPS.Identity\FPS.Identity\FPS.Identity.csproj", "{A1B2C3D4-0010-0000-0000-000000000010}"
EndProject
Project("{FAE04EC0-301F-11D3-BF4B-00C04F79EFBC}") = "FPS.Identity.Tests", "FPS.Identity\FPS.Identity.Tests\FPS.Identity.Tests.csproj", "{A1B2C3D4-0011-0000-0000-000000000011}"
EndProject
Global
	GlobalSection(SolutionConfigurationPlatforms) = preSolution
		Debug|Any CPU = Debug|Any CPU
		Release|Any CPU = Release|Any CPU
	EndGlobalSection
	GlobalSection(ProjectConfigurationPlatforms) = postSolution
		{A1B2C3D4-0001-0000-0000-000000000001}.Debug|Any CPU.ActiveCfg = Debug|Any CPU
		{A1B2C3D4-0001-0000-0000-000000000001}.Debug|Any CPU.Build.0 = Debug|Any CPU
		{A1B2C3D4-0001-0000-0000-000000000001}.Release|Any CPU.ActiveCfg = Release|Any CPU
		{A1B2C3D4-0001-0000-0000-000000000001}.Release|Any CPU.Build.0 = Release|Any CPU
		{A1B2C3D4-0002-0000-0000-000000000002}.Debug|Any CPU.ActiveCfg = Debug|Any CPU
		{A1B2C3D4-0002-0000-0000-000000000002}.Debug|Any CPU.Build.0 = Debug|Any CPU
		{A1B2C3D4-0002-0000-0000-000000000002}.Release|Any CPU.ActiveCfg = Release|Any CPU
		{A1B2C3D4-0002-0000-0000-000000000002}.Release|Any CPU.Build.0 = Release|Any CPU
		{A1B2C3D4-0003-0000-0000-000000000003}.Debug|Any CPU.ActiveCfg = Debug|Any CPU
		{A1B2C3D4-0003-0000-0000-000000000003}.Debug|Any CPU.Build.0 = Debug|Any CPU
		{A1B2C3D4-0003-0000-0000-000000000003}.Release|Any CPU.ActiveCfg = Release|Any CPU
		{A1B2C3D4-0003-0000-0000-000000000003}.Release|Any CPU.Build.0 = Release|Any CPU
		{A1B2C3D4-0004-0000-0000-000000000004}.Debug|Any CPU.ActiveCfg = Debug|Any CPU
		{A1B2C3D4-0004-0000-0000-000000000004}.Debug|Any CPU.Build.0 = Debug|Any CPU
		{A1B2C3D4-0004-0000-0000-000000000004}.Release|Any CPU.ActiveCfg = Release|Any CPU
		{A1B2C3D4-0004-0000-0000-000000000004}.Release|Any CPU.Build.0 = Release|Any CPU
		{A1B2C3D4-0005-0000-0000-000000000005}.Debug|Any CPU.ActiveCfg = Debug|Any CPU
		{A1B2C3D4-0005-0000-0000-000000000005}.Debug|Any CPU.Build.0 = Debug|Any CPU
		{A1B2C3D4-0005-0000-0000-000000000005}.Release|Any CPU.ActiveCfg = Release|Any CPU
		{A1B2C3D4-0005-0000-0000-000000000005}.Release|Any CPU.Build.0 = Release|Any CPU
		{A1B2C3D4-0006-0000-0000-000000000006}.Debug|Any CPU.ActiveCfg = Debug|Any CPU
		{A1B2C3D4-0006-0000-0000-000000000006}.Debug|Any CPU.Build.0 = Debug|Any CPU
		{A1B2C3D4-0006-0000-0000-000000000006}.Release|Any CPU.ActiveCfg = Release|Any CPU
		{A1B2C3D4-0006-0000-0000-000000000006}.Release|Any CPU.Build.0 = Release|Any CPU
		{A1B2C3D4-0007-0000-0000-000000000007}.Debug|Any CPU.ActiveCfg = Debug|Any CPU
		{A1B2C3D4-0007-0000-0000-000000000007}.Debug|Any CPU.Build.0 = Debug|Any CPU
		{A1B2C3D4-0007-0000-0000-000000000007}.Release|Any CPU.ActiveCfg = Release|Any CPU
		{A1B2C3D4-0007-0000-0000-000000000007}.Release|Any CPU.Build.0 = Release|Any CPU
		{A1B2C3D4-0008-0000-0000-000000000008}.Debug|Any CPU.ActiveCfg = Debug|Any CPU
		{A1B2C3D4-0008-0000-0000-000000000008}.Debug|Any CPU.Build.0 = Debug|Any CPU
		{A1B2C3D4-0008-0000-0000-000000000008}.Release|Any CPU.ActiveCfg = Release|Any CPU
		{A1B2C3D4-0008-0000-0000-000000000008}.Release|Any CPU.Build.0 = Release|Any CPU
		{A1B2C3D4-0009-0000-0000-000000000009}.Debug|Any CPU.ActiveCfg = Debug|Any CPU
		{A1B2C3D4-0009-0000-0000-000000000009}.Debug|Any CPU.Build.0 = Debug|Any CPU
		{A1B2C3D4-0009-0000-0000-000000000009}.Release|Any CPU.ActiveCfg = Release|Any CPU
		{A1B2C3D4-0009-0000-0000-000000000009}.Release|Any CPU.Build.0 = Release|Any CPU
		{A1B2C3D4-0010-0000-0000-000000000010}.Debug|Any CPU.ActiveCfg = Debug|Any CPU
		{A1B2C3D4-0010-0000-0000-000000000010}.Debug|Any CPU.Build.0 = Debug|Any CPU
		{A1B2C3D4-0010-0000-0000-000000000010}.Release|Any CPU.ActiveCfg = Release|Any CPU
		{A1B2C3D4-0010-0000-0000-000000000010}.Release|Any CPU.Build.0 = Release|Any CPU
		{A1B2C3D4-0011-0000-0000-000000000011}.Debug|Any CPU.ActiveCfg = Debug|Any CPU
		{A1B2C3D4-0011-0000-0000-000000000011}.Debug|Any CPU.Build.0 = Debug|Any CPU
		{A1B2C3D4-0011-0000-0000-000000000011}.Release|Any CPU.ActiveCfg = Release|Any CPU
		{A1B2C3D4-0011-0000-0000-000000000011}.Release|Any CPU.Build.0 = Release|Any CPU
	EndGlobalSection
EndGlobal
