
Microsoft Visual Studio Solution File, Format Version 12.00
# Visual Studio Version 17
VisualStudioVersion = 17.0.31903.59
MinimumVisualStudioVersion = 10.0.40219.1
Project("{FAE04EC0-301F-11D3-BF4B-00C04F79EFBC}") = "FPS.Booking.API", "FPS.Booking.API\FPS.Booking.API.csproj", "{66763727-398D-4125-8035-38BE634420CA}"
EndProject
Project("{FAE04EC0-301F-11D3-BF4B-00C04F79EFBC}") = "FPS.Booking.Tests", "FPS.Booking.Tests\FPS.Booking.Tests.csproj", "{A1B2C3D4-000A-0000-0000-000000000000}"
EndProject
Project("{FAE04EC0-301F-11D3-BF4B-00C04F79EFBC}") = "FPS.SharedKernel", "..\Shared\FPS.SharedKernel\FPS.SharedKernel.csproj", "{B2DCC321-A16A-442D-B2D9-FF406B401707}"
EndProject
Global
	GlobalSection(SolutionConfigurationPlatforms) = preSolution
		Debug|Any CPU = Debug|Any CPU
		Release|Any CPU = Release|Any CPU
	EndGlobalSection
	GlobalSection(ProjectConfigurationPlatforms) = postSolution
		{66763727-398D-4125-8035-38BE634420CA}.Debug|Any CPU.ActiveCfg = Debug|Any CPU
		{66763727-398D-4125-8035-38BE634420CA}.Debug|Any CPU.Build.0 = Debug|Any CPU
		{66763727-398D-4125-8035-38BE634420CA}.Release|Any CPU.ActiveCfg = Release|Any CPU
		{66763727-398D-4125-8035-38BE634420CA}.Release|Any CPU.Build.0 = Release|Any CPU
		{A1B2C3D4-000A-0000-0000-000000000000}.Debug|Any CPU.ActiveCfg = Debug|Any CPU
		{A1B2C3D4-000A-0000-0000-000000000000}.Debug|Any CPU.Build.0 = Debug|Any CPU
		{A1B2C3D4-000A-0000-0000-000000000000}.Release|Any CPU.ActiveCfg = Release|Any CPU
		{A1B2C3D4-000A-0000-0000-000000000000}.Release|Any CPU.Build.0 = Release|Any CPU
		{B2DCC321-A16A-442D-B2D9-FF406B401707}.Debug|Any CPU.ActiveCfg = Debug|Any CPU
		{B2DCC321-A16A-442D-B2D9-FF406B401707}.Debug|Any CPU.Build.0 = Debug|Any CPU
		{B2DCC321-A16A-442D-B2D9-FF406B401707}.Release|Any CPU.ActiveCfg = Release|Any CPU
		{B2DCC321-A16A-442D-B2D9-FF406B401707}.Release|Any CPU.Build.0 = Release|Any CPU
	EndGlobalSection
	GlobalSection(SolutionProperties) = preSolution
		HideSolutionNode = FALSE
	EndGlobalSection
EndGlobal
